
Microsoft Visual Studio Solution File, Format Version 12.00
# Visual Studio 14
VisualStudioVersion = 14.0.25123.0
MinimumVisualStudioVersion = 10.0.40219.1
Project("{FAE04EC0-301F-11D3-BF4B-00C04F79EFBC}") = "Shortcoder", "Shortcoder\Shortcoder.csproj", "{1ACD8352-12B4-4B80-9A0E-B6E147924E87}"
EndProject
Project("{FAE04EC0-301F-11D3-BF4B-00C04F79EFBC}") = "Shortcoder.Tests", "Shortcoder.Tests\Shortcoder.Tests.csproj", "{9C2BE50C-D41F-4BB5-888F-E6D828F62FEB}"
EndProject
Project("{2150E333-8FDC-42A3-9474-1A3956D46DE8}") = "NuGetPackage", "NuGetPackage", "{AC6095F1-78C1-4606-86C6-149FB94680C4}"
	ProjectSection(SolutionItems) = preProject
		NuGetPackage\Shortcoder.nuspec = NuGetPackage\Shortcoder.nuspec
	EndProjectSection
EndProject
Global
	GlobalSection(SolutionConfigurationPlatforms) = preSolution
		Debug|Any CPU = Debug|Any CPU
		Release|Any CPU = Release|Any CPU
		Release-4.0|Any CPU = Release-4.0|Any CPU
		Release-4.5|Any CPU = Release-4.5|Any CPU
	EndGlobalSection
	GlobalSection(ProjectConfigurationPlatforms) = postSolution
		{1ACD8352-12B4-4B80-9A0E-B6E147924E87}.Debug|Any CPU.ActiveCfg = Debug|Any CPU
		{1ACD8352-12B4-4B80-9A0E-B6E147924E87}.Debug|Any CPU.Build.0 = Debug|Any CPU
		{1ACD8352-12B4-4B80-9A0E-B6E147924E87}.Release|Any CPU.ActiveCfg = Release-4.5|Any CPU
		{1ACD8352-12B4-4B80-9A0E-B6E147924E87}.Release|Any CPU.Build.0 = Release-4.5|Any CPU
		{1ACD8352-12B4-4B80-9A0E-B6E147924E87}.Release-4.0|Any CPU.ActiveCfg = Release-4.0|Any CPU
		{1ACD8352-12B4-4B80-9A0E-B6E147924E87}.Release-4.0|Any CPU.Build.0 = Release-4.0|Any CPU
		{1ACD8352-12B4-4B80-9A0E-B6E147924E87}.Release-4.5|Any CPU.ActiveCfg = Release-4.5|Any CPU
		{1ACD8352-12B4-4B80-9A0E-B6E147924E87}.Release-4.5|Any CPU.Build.0 = Release-4.5|Any CPU
		{9C2BE50C-D41F-4BB5-888F-E6D828F62FEB}.Debug|Any CPU.ActiveCfg = Debug|Any CPU
		{9C2BE50C-D41F-4BB5-888F-E6D828F62FEB}.Debug|Any CPU.Build.0 = Debug|Any CPU
		{9C2BE50C-D41F-4BB5-888F-E6D828F62FEB}.Release|Any CPU.ActiveCfg = Release|Any CPU
		{9C2BE50C-D41F-4BB5-888F-E6D828F62FEB}.Release|Any CPU.Build.0 = Release|Any CPU
		{9C2BE50C-D41F-4BB5-888F-E6D828F62FEB}.Release-4.0|Any CPU.ActiveCfg = Release-4.0|Any CPU
		{9C2BE50C-D41F-4BB5-888F-E6D828F62FEB}.Release-4.0|Any CPU.Build.0 = Release-4.0|Any CPU
		{9C2BE50C-D41F-4BB5-888F-E6D828F62FEB}.Release-4.5|Any CPU.ActiveCfg = Release-4.5|Any CPU
		{9C2BE50C-D41F-4BB5-888F-E6D828F62FEB}.Release-4.5|Any CPU.Build.0 = Release-4.5|Any CPU
	EndGlobalSection
	GlobalSection(SolutionProperties) = preSolution
		HideSolutionNode = FALSE
	EndGlobalSection
EndGlobal
